
Microsoft Visual Studio Solution File, Format Version 12.00
# Visual Studio Version 17
VisualStudioVersion = 17.4.33122.133
MinimumVisualStudioVersion = 10.0.40219.1
Project("{9A19103F-16F7-4668-BE54-9A1E7A4F7556}") = "Vecc.TriggerGitHubFlow", "Vecc.TriggerGitHubFlow\Vecc.TriggerGitHubFlow.csproj", "{7265FCCB-0B23-470F-A2B1-4EA3B75725A8}"
EndProject
Project("{FAE04EC0-301F-11D3-BF4B-00C04F79EFBC}") = "WebApplication1", "WebApplication1\WebApplication1.csproj", "{EF2CD59B-1080-4CA5-96C8-D9DDF9AEE947}"
EndProject
Global
	GlobalSection(SolutionConfigurationPlatforms) = preSolution
		Debug|Any CPU = Debug|Any CPU
		Release|Any CPU = Release|Any CPU
	EndGlobalSection
	GlobalSection(ProjectConfigurationPlatforms) = postSolution
		{7265FCCB-0B23-470F-A2B1-4EA3B75725A8}.Debug|Any CPU.ActiveCfg = Debug|Any CPU
		{7265FCCB-0B23-470F-A2B1-4EA3B75725A8}.Debug|Any CPU.Build.0 = Debug|Any CPU
		{7265FCCB-0B23-470F-A2B1-4EA3B75725A8}.Release|Any CPU.ActiveCfg = Release|Any CPU
		{7265FCCB-0B23-470F-A2B1-4EA3B75725A8}.Release|Any CPU.Build.0 = Release|Any CPU
		{EF2CD59B-1080-4CA5-96C8-D9DDF9AEE947}.Debug|Any CPU.ActiveCfg = Debug|Any CPU
		{EF2CD59B-1080-4CA5-96C8-D9DDF9AEE947}.Debug|Any CPU.Build.0 = Debug|Any CPU
		{EF2CD59B-1080-4CA5-96C8-D9DDF9AEE947}.Release|Any CPU.ActiveCfg = Release|Any CPU
		{EF2CD59B-1080-4CA5-96C8-D9DDF9AEE947}.Release|Any CPU.Build.0 = Release|Any CPU
	EndGlobalSection
	GlobalSection(SolutionProperties) = preSolution
		HideSolutionNode = FALSE
	EndGlobalSection
	GlobalSection(ExtensibilityGlobals) = postSolution
		SolutionGuid = {8D2EA6BB-A919-42AA-9AD1-1CA2A97EA80F}
	EndGlobalSection
EndGlobal
